
Microsoft Visual Studio Solution File, Format Version 12.00
# Visual Studio Version 16
VisualStudioVersion = 16.0.31025.194
MinimumVisualStudioVersion = 10.0.40219.1
Project("{FAE04EC0-301F-11D3-BF4B-00C04F79EFBC}") = "Zadanie2", "Zadanie2.csproj", "{EC5CF5C2-435E-4B56-845E-7681E5803654}"
EndProject
Global
	GlobalSection(SolutionConfigurationPlatforms) = preSolution
		Debug|Any CPU = Debug|Any CPU
		Release|Any CPU = Release|Any CPU
	EndGlobalSection
	GlobalSection(ProjectConfigurationPlatforms) = postSolution
		{EC5CF5C2-435E-4B56-845E-7681E5803654}.Debug|Any CPU.ActiveCfg = Debug|Any CPU
		{EC5CF5C2-435E-4B56-845E-7681E5803654}.Debug|Any CPU.Build.0 = Debug|Any CPU
		{EC5CF5C2-435E-4B56-845E-7681E5803654}.Release|Any CPU.ActiveCfg = Release|Any CPU
		{EC5CF5C2-435E-4B56-845E-7681E5803654}.Release|Any CPU.Build.0 = Release|Any CPU
	EndGlobalSection
	GlobalSection(SolutionProperties) = preSolution
		HideSolutionNode = FALSE
	EndGlobalSection
	GlobalSection(ExtensibilityGlobals) = postSolution
		SolutionGuid = {F608F2A9-EBD1-4287-A075-C6657FE747DB}
	EndGlobalSection
EndGlobal
